
Microsoft Visual Studio Solution File, Format Version 12.00
# Visual Studio Version 16
VisualStudioVersion = 16.0.30804.86
MinimumVisualStudioVersion = 10.0.40219.1
Project("{9A19103F-16F7-4668-BE54-9A1E7A4F7556}") = "CarKeywords", "CarKeywords\CarKeywords.csproj", "{CF8FA2F5-C18B-4D09-974C-E8BF7DDF0998}"
EndProject
Global
	GlobalSection(SolutionConfigurationPlatforms) = preSolution
		Debug|Any CPU = Debug|Any CPU
		Release|Any CPU = Release|Any CPU
	EndGlobalSection
	GlobalSection(ProjectConfigurationPlatforms) = postSolution
		{CF8FA2F5-C18B-4D09-974C-E8BF7DDF0998}.Debug|Any CPU.ActiveCfg = Debug|Any CPU
		{CF8FA2F5-C18B-4D09-974C-E8BF7DDF0998}.Debug|Any CPU.Build.0 = Debug|Any CPU
		{CF8FA2F5-C18B-4D09-974C-E8BF7DDF0998}.Release|Any CPU.ActiveCfg = Release|Any CPU
		{CF8FA2F5-C18B-4D09-974C-E8BF7DDF0998}.Release|Any CPU.Build.0 = Release|Any CPU
	EndGlobalSection
	GlobalSection(SolutionProperties) = preSolution
		HideSolutionNode = FALSE
	EndGlobalSection
	GlobalSection(ExtensibilityGlobals) = postSolution
		SolutionGuid = {FD0AA031-2139-4AB9-9EAE-08ED7E487531}
	EndGlobalSection
EndGlobal
